// !$*UTF8*$!
{
	archiveVersion = 1;
	classes = {
	};
	objectVersion = 56;
	objects = {

/* Begin PBXBuildFile section */
		8B8CFB0A2AF5379100A3B865 /* ServerConfig.swift in Sources */ = {isa = PBXBuildFile; fileRef = 8B8CFB092AF5379100A3B865 /* ServerConfig.swift */; };
		8B8CFB0C2AF537A300A3B865 /* Channel.swift in Sources */ = {isa = PBXBuildFile; fileRef = 8B8CFB0B2AF537A300A3B865 /* Channel.swift */; };
		8B8CFB0E2AF537B100A3B865 /* RootSECObject.swift in Sources */ = {isa = PBXBuildFile; fileRef = 8B8CFB0D2AF537B100A3B865 /* RootSECObject.swift */; };
		8B8CFB102AF5380900A3B865 /* ChildSECObject.swift in Sources */ = {isa = PBXBuildFile; fileRef = 8B8CFB0F2AF5380900A3B865 /* ChildSECObject.swift */; };
		8B8CFB122AF5438E00A3B865 /* CameraPreviewsViewModel.swift in Sources */ = {isa = PBXBuildFile; fileRef = 8B8CFB112AF5438E00A3B865 /* CameraPreviewsViewModel.swift */; };
		8B8CFB152AF55CE500A3B865 /* CameraPreview.swift in Sources */ = {isa = PBXBuildFile; fileRef = 8B8CFB142AF55CE500A3B865 /* CameraPreview.swift */; };
		8B8CFB182AF5653500A3B865 /* Constants.swift in Sources */ = {isa = PBXBuildFile; fileRef = 8B8CFB172AF5653500A3B865 /* Constants.swift */; };
		8BBE36752AF52A6B0062D3BF /* AppDelegate.swift in Sources */ = {isa = PBXBuildFile; fileRef = 8BBE36742AF52A6B0062D3BF /* AppDelegate.swift */; };
		8BBE36772AF52A6B0062D3BF /* SceneDelegate.swift in Sources */ = {isa = PBXBuildFile; fileRef = 8BBE36762AF52A6B0062D3BF /* SceneDelegate.swift */; };
		8BBE367E2AF52A6C0062D3BF /* Assets.xcassets in Resources */ = {isa = PBXBuildFile; fileRef = 8BBE367D2AF52A6C0062D3BF /* Assets.xcassets */; };
		8BBE36812AF52A6C0062D3BF /* LaunchScreen.storyboard in Resources */ = {isa = PBXBuildFile; fileRef = 8BBE367F2AF52A6C0062D3BF /* LaunchScreen.storyboard */; };
		8BBE36892AF52B760062D3BF /* CamerasPreviewViewController.swift in Sources */ = {isa = PBXBuildFile; fileRef = 8BBE36882AF52B760062D3BF /* CamerasPreviewViewController.swift */; };
		8BF874CF2AF52F860043DB5F /* Alamofire in Frameworks */ = {isa = PBXBuildFile; productRef = 8BF874CE2AF52F860043DB5F /* Alamofire */; };
/* End PBXBuildFile section */

/* Begin PBXFileReference section */
		8B8CFB092AF5379100A3B865 /* ServerConfig.swift */ = {isa = PBXFileReference; lastKnownFileType = sourcecode.swift; path = ServerConfig.swift; sourceTree = "<group>"; };
		8B8CFB0B2AF537A300A3B865 /* Channel.swift */ = {isa = PBXFileReference; lastKnownFileType = sourcecode.swift; path = Channel.swift; sourceTree = "<group>"; };
		8B8CFB0D2AF537B100A3B865 /* RootSECObject.swift */ = {isa = PBXFileReference; lastKnownFileType = sourcecode.swift; path = RootSECObject.swift; sourceTree = "<group>"; };
		8B8CFB0F2AF5380900A3B865 /* ChildSECObject.swift */ = {isa = PBXFileReference; lastKnownFileType = sourcecode.swift; path = ChildSECObject.swift; sourceTree = "<group>"; };
		8B8CFB112AF5438E00A3B865 /* CameraPreviewsViewModel.swift */ = {isa = PBXFileReference; lastKnownFileType = sourcecode.swift; path = CameraPreviewsViewModel.swift; sourceTree = "<group>"; };
		8B8CFB142AF55CE500A3B865 /* CameraPreview.swift */ = {isa = PBXFileReference; lastKnownFileType = sourcecode.swift; path = CameraPreview.swift; sourceTree = "<group>"; };
		8B8CFB172AF5653500A3B865 /* Constants.swift */ = {isa = PBXFileReference; lastKnownFileType = sourcecode.swift; path = Constants.swift; sourceTree = "<group>"; };
		8BBE36712AF52A6B0062D3BF /* Macroscop-TestAssignment.app */ = {isa = PBXFileReference; explicitFileType = wrapper.application; includeInIndex = 0; path = "Macroscop-TestAssignment.app"; sourceTree = BUILT_PRODUCTS_DIR; };
		8BBE36742AF52A6B0062D3BF /* AppDelegate.swift */ = {isa = PBXFileReference; lastKnownFileType = sourcecode.swift; path = AppDelegate.swift; sourceTree = "<group>"; };
		8BBE36762AF52A6B0062D3BF /* SceneDelegate.swift */ = {isa = PBXFileReference; lastKnownFileType = sourcecode.swift; path = SceneDelegate.swift; sourceTree = "<group>"; };
		8BBE367D2AF52A6C0062D3BF /* Assets.xcassets */ = {isa = PBXFileReference; lastKnownFileType = folder.assetcatalog; path = Assets.xcassets; sourceTree = "<group>"; };
		8BBE36822AF52A6C0062D3BF /* Info.plist */ = {isa = PBXFileReference; lastKnownFileType = text.plist.xml; path = Info.plist; sourceTree = "<group>"; };
		8BBE36882AF52B760062D3BF /* CamerasPreviewViewController.swift */ = {isa = PBXFileReference; lastKnownFileType = sourcecode.swift; path = CamerasPreviewViewController.swift; sourceTree = "<group>"; };
		8BF874D02AF52FBF0043DB5F /* en */ = {isa = PBXFileReference; lastKnownFileType = file.storyboard; name = en; path = en.lproj/LaunchScreen.storyboard; sourceTree = "<group>"; };
		8BF874D12AF52FC90043DB5F /* ru */ = {isa = PBXFileReference; lastKnownFileType = file.storyboard; name = ru; path = ru.lproj/LaunchScreen.storyboard; sourceTree = "<group>"; };
/* End PBXFileReference section */

/* Begin PBXFrameworksBuildPhase section */
		8BBE366E2AF52A6B0062D3BF /* Frameworks */ = {
			isa = PBXFrameworksBuildPhase;
			buildActionMask = 2147483647;
			files = (
				8BF874CF2AF52F860043DB5F /* Alamofire in Frameworks */,
			);
			runOnlyForDeploymentPostprocessing = 0;
		};
/* End PBXFrameworksBuildPhase section */

/* Begin PBXGroup section */
		8B8CFB082AF5376B00A3B865 /* Models */ = {
			isa = PBXGroup;
			children = (
				8B8CFB092AF5379100A3B865 /* ServerConfig.swift */,
				8B8CFB0B2AF537A300A3B865 /* Channel.swift */,
				8B8CFB0D2AF537B100A3B865 /* RootSECObject.swift */,
				8B8CFB0F2AF5380900A3B865 /* ChildSECObject.swift */,
				8B8CFB142AF55CE500A3B865 /* CameraPreview.swift */,
			);
			path = Models;
			sourceTree = "<group>";
		};
		8BBE36682AF52A6B0062D3BF = {
			isa = PBXGroup;
			children = (
				8BBE36732AF52A6B0062D3BF /* Macroscop-TestAssignment */,
				8BBE36722AF52A6B0062D3BF /* Products */,
			);
			sourceTree = "<group>";
		};
		8BBE36722AF52A6B0062D3BF /* Products */ = {
			isa = PBXGroup;
			children = (
				8BBE36712AF52A6B0062D3BF /* Macroscop-TestAssignment.app */,
			);
			name = Products;
			sourceTree = "<group>";
		};
		8BBE36732AF52A6B0062D3BF /* Macroscop-TestAssignment */ = {
			isa = PBXGroup;
			children = (
				8BBE36742AF52A6B0062D3BF /* AppDelegate.swift */,
				8BBE36762AF52A6B0062D3BF /* SceneDelegate.swift */,
				8B8CFB172AF5653500A3B865 /* Constants.swift */,
				8B8CFB112AF5438E00A3B865 /* CameraPreviewsViewModel.swift */,
				8BBE36882AF52B760062D3BF /* CamerasPreviewViewController.swift */,
				8BBE367F2AF52A6C0062D3BF /* LaunchScreen.storyboard */,
				8B8CFB082AF5376B00A3B865 /* Models */,
				8BBE367D2AF52A6C0062D3BF /* Assets.xcassets */,
				8BBE36822AF52A6C0062D3BF /* Info.plist */,
			);
			path = "Macroscop-TestAssignment";
			sourceTree = "<group>";
		};
/* End PBXGroup section */

/* Begin PBXNativeTarget section */
		8BBE36702AF52A6B0062D3BF /* Macroscop-TestAssignment */ = {
			isa = PBXNativeTarget;
			buildConfigurationList = 8BBE36852AF52A6C0062D3BF /* Build configuration list for PBXNativeTarget "Macroscop-TestAssignment" */;
			buildPhases = (
				8BF874D32AF530D00043DB5F /* Swiftlint */,
				8BBE366D2AF52A6B0062D3BF /* Sources */,
				8BBE366E2AF52A6B0062D3BF /* Frameworks */,
				8BBE366F2AF52A6B0062D3BF /* Resources */,
			);
			buildRules = (
			);
			dependencies = (
			);
			name = "Macroscop-TestAssignment";
			packageProductDependencies = (
				8BF874CE2AF52F860043DB5F /* Alamofire */,
			);
			productName = "Macroscop-TestAssignment";
			productReference = 8BBE36712AF52A6B0062D3BF /* Macroscop-TestAssignment.app */;
			productType = "com.apple.product-type.application";
		};
/* End PBXNativeTarget section */

/* Begin PBXProject section */
		8BBE36692AF52A6B0062D3BF /* Project object */ = {
			isa = PBXProject;
			attributes = {
				BuildIndependentTargetsInParallel = 1;
				LastSwiftUpdateCheck = 1500;
				LastUpgradeCheck = 1500;
				TargetAttributes = {
					8BBE36702AF52A6B0062D3BF = {
						CreatedOnToolsVersion = 15.0.1;
					};
				};
			};
			buildConfigurationList = 8BBE366C2AF52A6B0062D3BF /* Build configuration list for PBXProject "Macroscop-TestAssignment" */;
			compatibilityVersion = "Xcode 14.0";
			developmentRegion = ru;
			hasScannedForEncodings = 0;
			knownRegions = (
				en,
				ru,
			);
			mainGroup = 8BBE36682AF52A6B0062D3BF;
			packageReferences = (
				8BF874CD2AF52F860043DB5F /* XCRemoteSwiftPackageReference "Alamofire" */,
			);
			productRefGroup = 8BBE36722AF52A6B0062D3BF /* Products */;
			projectDirPath = "";
			projectRoot = "";
			targets = (
				8BBE36702AF52A6B0062D3BF /* Macroscop-TestAssignment */,
			);
		};
/* End PBXProject section */

/* Begin PBXResourcesBuildPhase section */
		8BBE366F2AF52A6B0062D3BF /* Resources */ = {
			isa = PBXResourcesBuildPhase;
			buildActionMask = 2147483647;
			files = (
				8BBE36812AF52A6C0062D3BF /* LaunchScreen.storyboard in Resources */,
				8BBE367E2AF52A6C0062D3BF /* Assets.xcassets in Resources */,
			);
			runOnlyForDeploymentPostprocessing = 0;
		};
/* End PBXResourcesBuildPhase section */

/* Begin PBXShellScriptBuildPhase section */
		8BF874D32AF530D00043DB5F /* Swiftlint */ = {
			isa = PBXShellScriptBuildPhase;
			buildActionMask = 2147483647;
			files = (
			);
			inputFileListPaths = (
			);
			inputPaths = (
			);
			name = Swiftlint;
			outputFileListPaths = (
			);
			outputPaths = (
			);
			runOnlyForDeploymentPostprocessing = 0;
			shellPath = /bin/sh;
			shellScript = "export PATH=\"$PATH:/opt/homebrew/bin\"\nif which swiftlint > /dev/null; then\n  swiftlint\nelse\n  echo \"warning: SwiftLint not installed, download from https://github.com/realm/SwiftLint\"\nfi\n";
		};
/* End PBXShellScriptBuildPhase section */

/* Begin PBXSourcesBuildPhase section */
		8BBE366D2AF52A6B0062D3BF /* Sources */ = {
			isa = PBXSourcesBuildPhase;
			buildActionMask = 2147483647;
			files = (
				8BBE36892AF52B760062D3BF /* CamerasPreviewViewController.swift in Sources */,
				8B8CFB0C2AF537A300A3B865 /* Channel.swift in Sources */,
				8B8CFB122AF5438E00A3B865 /* CameraPreviewsViewModel.swift in Sources */,
				8B8CFB152AF55CE500A3B865 /* CameraPreview.swift in Sources */,
				8B8CFB102AF5380900A3B865 /* ChildSECObject.swift in Sources */,
				8B8CFB182AF5653500A3B865 /* Constants.swift in Sources */,
				8B8CFB0E2AF537B100A3B865 /* RootSECObject.swift in Sources */,
				8BBE36752AF52A6B0062D3BF /* AppDelegate.swift in Sources */,
				8B8CFB0A2AF5379100A3B865 /* ServerConfig.swift in Sources */,
				8BBE36772AF52A6B0062D3BF /* SceneDelegate.swift in Sources */,
			);
			runOnlyForDeploymentPostprocessing = 0;
		};
/* End PBXSourcesBuildPhase section */

/* Begin PBXVariantGroup section */
		8BBE367F2AF52A6C0062D3BF /* LaunchScreen.storyboard */ = {
			isa = PBXVariantGroup;
			children = (
				8BF874D02AF52FBF0043DB5F /* en */,
				8BF874D12AF52FC90043DB5F /* ru */,
			);
			name = LaunchScreen.storyboard;
			sourceTree = "<group>";
		};
/* End PBXVariantGroup section */

/* Begin XCBuildConfiguration section */
		8BBE36832AF52A6C0062D3BF /* Debug */ = {
			isa = XCBuildConfiguration;
			buildSettings = {
				ALWAYS_SEARCH_USER_PATHS = NO;
				ASSETCATALOG_COMPILER_GENERATE_SWIFT_ASSET_SYMBOL_EXTENSIONS = YES;
				CLANG_ANALYZER_LOCALIZABILITY_NONLOCALIZED = YES;
				CLANG_ANALYZER_NONNULL = YES;
				CLANG_ANALYZER_NUMBER_OBJECT_CONVERSION = YES_AGGRESSIVE;
				CLANG_CXX_LANGUAGE_STANDARD = "gnu++20";
				CLANG_ENABLE_MODULES = YES;
				CLANG_ENABLE_OBJC_ARC = YES;
				CLANG_ENABLE_OBJC_WEAK = YES;
				CLANG_WARN_BLOCK_CAPTURE_AUTORELEASING = YES;
				CLANG_WARN_BOOL_CONVERSION = YES;
				CLANG_WARN_COMMA = YES;
				CLANG_WARN_CONSTANT_CONVERSION = YES;
				CLANG_WARN_DEPRECATED_OBJC_IMPLEMENTATIONS = YES;
				CLANG_WARN_DIRECT_OBJC_ISA_USAGE = YES_ERROR;
				CLANG_WARN_DOCUMENTATION_COMMENTS = YES;
				CLANG_WARN_EMPTY_BODY = YES;
				CLANG_WARN_ENUM_CONVERSION = YES;
				CLANG_WARN_INFINITE_RECURSION = YES;
				CLANG_WARN_INT_CONVERSION = YES;
				CLANG_WARN_NON_LITERAL_NULL_CONVERSION = YES;
				CLANG_WARN_OBJC_IMPLICIT_RETAIN_SELF = YES;
				CLANG_WARN_OBJC_LITERAL_CONVERSION = YES;
				CLANG_WARN_OBJC_ROOT_CLASS = YES_ERROR;
				CLANG_WARN_QUOTED_INCLUDE_IN_FRAMEWORK_HEADER = YES;
				CLANG_WARN_RANGE_LOOP_ANALYSIS = YES;
				CLANG_WARN_STRICT_PROTOTYPES = YES;
				CLANG_WARN_SUSPICIOUS_MOVE = YES;
				CLANG_WARN_UNGUARDED_AVAILABILITY = YES_AGGRESSIVE;
				CLANG_WARN_UNREACHABLE_CODE = YES;
				CLANG_WARN__DUPLICATE_METHOD_MATCH = YES;
				COPY_PHASE_STRIP = NO;
				DEBUG_INFORMATION_FORMAT = dwarf;
				ENABLE_STRICT_OBJC_MSGSEND = YES;
				ENABLE_TESTABILITY = YES;
				ENABLE_USER_SCRIPT_SANDBOXING = YES;
				GCC_C_LANGUAGE_STANDARD = gnu17;
				GCC_DYNAMIC_NO_PIC = NO;
				GCC_NO_COMMON_BLOCKS = YES;
				GCC_OPTIMIZATION_LEVEL = 0;
				GCC_PREPROCESSOR_DEFINITIONS = (
					"DEBUG=1",
					"$(inherited)",
				);
				GCC_WARN_64_TO_32_BIT_CONVERSION = YES;
				GCC_WARN_ABOUT_RETURN_TYPE = YES_ERROR;
				GCC_WARN_UNDECLARED_SELECTOR = YES;
				GCC_WARN_UNINITIALIZED_AUTOS = YES_AGGRESSIVE;
				GCC_WARN_UNUSED_FUNCTION = YES;
				GCC_WARN_UNUSED_VARIABLE = YES;
				IPHONEOS_DEPLOYMENT_TARGET = 13.0;
				LOCALIZATION_PREFERS_STRING_CATALOGS = YES;
				MTL_ENABLE_DEBUG_INFO = INCLUDE_SOURCE;
				MTL_FAST_MATH = YES;
				ONLY_ACTIVE_ARCH = YES;
				SDKROOT = iphoneos;
				SWIFT_ACTIVE_COMPILATION_CONDITIONS = "DEBUG $(inherited)";
				SWIFT_OPTIMIZATION_LEVEL = "-Onone";
			};
			name = Debug;
		};
		8BBE36842AF52A6C0062D3BF /* Release */ = {
			isa = XCBuildConfiguration;
			buildSettings = {
				ALWAYS_SEARCH_USER_PATHS = NO;
				ASSETCATALOG_COMPILER_GENERATE_SWIFT_ASSET_SYMBOL_EXTENSIONS = YES;
				CLANG_ANALYZER_LOCALIZABILITY_NONLOCALIZED = YES;
				CLANG_ANALYZER_NONNULL = YES;
				CLANG_ANALYZER_NUMBER_OBJECT_CONVERSION = YES_AGGRESSIVE;
				CLANG_CXX_LANGUAGE_STANDARD = "gnu++20";
				CLANG_ENABLE_MODULES = YES;
				CLANG_ENABLE_OBJC_ARC = YES;
				CLANG_ENABLE_OBJC_WEAK = YES;
				CLANG_WARN_BLOCK_CAPTURE_AUTORELEASING = YES;
				CLANG_WARN_BOOL_CONVERSION = YES;
				CLANG_WARN_COMMA = YES;
				CLANG_WARN_CONSTANT_CONVERSION = YES;
				CLANG_WARN_DEPRECATED_OBJC_IMPLEMENTATIONS = YES;
				CLANG_WARN_DIRECT_OBJC_ISA_USAGE = YES_ERROR;
				CLANG_WARN_DOCUMENTATION_COMMENTS = YES;
				CLANG_WARN_EMPTY_BODY = YES;
				CLANG_WARN_ENUM_CONVERSION = YES;
				CLANG_WARN_INFINITE_RECURSION = YES;
				CLANG_WARN_INT_CONVERSION = YES;
				CLANG_WARN_NON_LITERAL_NULL_CONVERSION = YES;
				CLANG_WARN_OBJC_IMPLICIT_RETAIN_SELF = YES;
				CLANG_WARN_OBJC_LITERAL_CONVERSION = YES;
				CLANG_WARN_OBJC_ROOT_CLASS = YES_ERROR;
				CLANG_WARN_QUOTED_INCLUDE_IN_FRAMEWORK_HEADER = YES;
				CLANG_WARN_RANGE_LOOP_ANALYSIS = YES;
				CLANG_WARN_STRICT_PROTOTYPES = YES;
				CLANG_WARN_SUSPICIOUS_MOVE = YES;
				CLANG_WARN_UNGUARDED_AVAILABILITY = YES_AGGRESSIVE;
				CLANG_WARN_UNREACHABLE_CODE = YES;
				CLANG_WARN__DUPLICATE_METHOD_MATCH = YES;
				COPY_PHASE_STRIP = NO;
				DEBUG_INFORMATION_FORMAT = "dwarf-with-dsym";
				ENABLE_NS_ASSERTIONS = NO;
				ENABLE_STRICT_OBJC_MSGSEND = YES;
				ENABLE_USER_SCRIPT_SANDBOXING = YES;
				GCC_C_LANGUAGE_STANDARD = gnu17;
				GCC_NO_COMMON_BLOCKS = YES;
				GCC_WARN_64_TO_32_BIT_CONVERSION = YES;
				GCC_WARN_ABOUT_RETURN_TYPE = YES_ERROR;
				GCC_WARN_UNDECLARED_SELECTOR = YES;
				GCC_WARN_UNINITIALIZED_AUTOS = YES_AGGRESSIVE;
				GCC_WARN_UNUSED_FUNCTION = YES;
				GCC_WARN_UNUSED_VARIABLE = YES;
				IPHONEOS_DEPLOYMENT_TARGET = 13.0;
				LOCALIZATION_PREFERS_STRING_CATALOGS = YES;
				MTL_ENABLE_DEBUG_INFO = NO;
				MTL_FAST_MATH = YES;
				SDKROOT = iphoneos;
				SWIFT_COMPILATION_MODE = wholemodule;
				VALIDATE_PRODUCT = YES;
			};
			name = Release;
		};
		8BBE36862AF52A6C0062D3BF /* Debug */ = {
			isa = XCBuildConfiguration;
			buildSettings = {
				ASSETCATALOG_COMPILER_APPICON_NAME = AppIcon;
				ASSETCATALOG_COMPILER_GLOBAL_ACCENT_COLOR_NAME = AccentColor;
				CODE_SIGN_STYLE = Automatic;
				CURRENT_PROJECT_VERSION = 1;
				DEVELOPMENT_TEAM = VJ2CVRDMSL;
				ENABLE_USER_SCRIPT_SANDBOXING = NO;
				GENERATE_INFOPLIST_FILE = YES;
				INFOPLIST_FILE = "Macroscop-TestAssignment/Info.plist";
				INFOPLIST_KEY_CFBundleDisplayName = CamerasPreview;
				INFOPLIST_KEY_UIApplicationSupportsIndirectInputEvents = YES;
				INFOPLIST_KEY_UILaunchStoryboardName = LaunchScreen;
				INFOPLIST_KEY_UISupportedInterfaceOrientations = UIInterfaceOrientationPortrait;
				INFOPLIST_KEY_UISupportedInterfaceOrientations_iPad = "UIInterfaceOrientationLandscapeLeft UIInterfaceOrientationLandscapeRight UIInterfaceOrientationPortrait UIInterfaceOrientationPortraitUpsideDown";
				IPHONEOS_DEPLOYMENT_TARGET = 13.0;
				LD_RUNPATH_SEARCH_PATHS = (
					"$(inherited)",
					"@executable_path/Frameworks",
				);
				MARKETING_VERSION = 1.0;
				PRODUCT_BUNDLE_IDENTIFIER = "com.miamib34ch.Macroscop-TestAssignment";
				PRODUCT_NAME = "$(TARGET_NAME)";
				SUPPORTED_PLATFORMS = "iphoneos iphonesimulator";
				SUPPORTS_MACCATALYST = NO;
				SUPPORTS_MAC_DESIGNED_FOR_IPHONE_IPAD = NO;
				SWIFT_EMIT_LOC_STRINGS = YES;
				SWIFT_VERSION = 5.0;
				TARGETED_DEVICE_FAMILY = 1;
			};
			name = Debug;
		};
		8BBE36872AF52A6C0062D3BF /* Release */ = {
			isa = XCBuildConfiguration;
			buildSettings = {
				ASSETCATALOG_COMPILER_APPICON_NAME = AppIcon;
				ASSETCATALOG_COMPILER_GLOBAL_ACCENT_COLOR_NAME = AccentColor;
				CODE_SIGN_STYLE = Automatic;
				CURRENT_PROJECT_VERSION = 1;
				DEVELOPMENT_TEAM = VJ2CVRDMSL;
				ENABLE_USER_SCRIPT_SANDBOXING = NO;
				GENERATE_INFOPLIST_FILE = YES;
				INFOPLIST_FILE = "Macroscop-TestAssignment/Info.plist";
				INFOPLIST_KEY_CFBundleDisplayName = CamerasPreview;
				INFOPLIST_KEY_UIApplicationSupportsIndirectInputEvents = YES;
				INFOPLIST_KEY_UILaunchStoryboardName = LaunchScreen;
				INFOPLIST_KEY_UISupportedInterfaceOrientations = UIInterfaceOrientationPortrait;
				INFOPLIST_KEY_UISupportedInterfaceOrientations_iPad = "UIInterfaceOrientationLandscapeLeft UIInterfaceOrientationLandscapeRight UIInterfaceOrientationPortrait UIInterfaceOrientationPortraitUpsideDown";
				IPHONEOS_DEPLOYMENT_TARGET = 13.0;
				LD_RUNPATH_SEARCH_PATHS = (
					"$(inherited)",
					"@executable_path/Frameworks",
				);
				MARKETING_VERSION = 1.0;
				PRODUCT_BUNDLE_IDENTIFIER = "com.miamib34ch.Macroscop-TestAssignment";
				PRODUCT_NAME = "$(TARGET_NAME)";
				SUPPORTED_PLATFORMS = "iphoneos iphonesimulator";
				SUPPORTS_MACCATALYST = NO;
				SUPPORTS_MAC_DESIGNED_FOR_IPHONE_IPAD = NO;
				SWIFT_EMIT_LOC_STRINGS = YES;
				SWIFT_VERSION = 5.0;
				TARGETED_DEVICE_FAMILY = 1;
			};
			name = Release;
		};
/* End XCBuildConfiguration section */

/* Begin XCConfigurationList section */
		8BBE366C2AF52A6B0062D3BF /* Build configuration list for PBXProject "Macroscop-TestAssignment" */ = {
			isa = XCConfigurationList;
			buildConfigurations = (
				8BBE36832AF52A6C0062D3BF /* Debug */,
				8BBE36842AF52A6C0062D3BF /* Release */,
			);
			defaultConfigurationIsVisible = 0;
			defaultConfigurationName = Release;
		};
		8BBE36852AF52A6C0062D3BF /* Build configuration list for PBXNativeTarget "Macroscop-TestAssignment" */ = {
			isa = XCConfigurationList;
			buildConfigurations = (
				8BBE36862AF52A6C0062D3BF /* Debug */,
				8BBE36872AF52A6C0062D3BF /* Release */,
			);
			defaultConfigurationIsVisible = 0;
			defaultConfigurationName = Release;
		};
/* End XCConfigurationList section */

/* Begin XCRemoteSwiftPackageReference section */
		8BF874CD2AF52F860043DB5F /* XCRemoteSwiftPackageReference "Alamofire" */ = {
			isa = XCRemoteSwiftPackageReference;
			repositoryURL = "https://github.com/Alamofire/Alamofire";
			requirement = {
				kind = upToNextMajorVersion;
				minimumVersion = 5.8.1;
			};
		};
/* End XCRemoteSwiftPackageReference section */

/* Begin XCSwiftPackageProductDependency section */
		8BF874CE2AF52F860043DB5F /* Alamofire */ = {
			isa = XCSwiftPackageProductDependency;
			package = 8BF874CD2AF52F860043DB5F /* XCRemoteSwiftPackageReference "Alamofire" */;
			productName = Alamofire;
		};
/* End XCSwiftPackageProductDependency section */
	};
	rootObject = 8BBE36692AF52A6B0062D3BF /* Project object */;
}
